
Microsoft Visual Studio Solution File, Format Version 11.00
# Visual Studio 2010
Project("{FAE04EC0-301F-11D3-BF4B-00C04F79EFBC}") = "LaberintoNetwork", "Assembly-CSharp.csproj", "{1B92E483-D69A-7B87-A176-69720183D3EE}"
EndProject
Global
	GlobalSection(SolutionConfigurationPlatforms) = preSolution
		Debug|Any CPU = Debug|Any CPU
		Release|Any CPU = Release|Any CPU
	EndGlobalSection
	GlobalSection(ProjectConfigurationPlatforms) = postSolution
		{1B92E483-D69A-7B87-A176-69720183D3EE}.Debug|Any CPU.ActiveCfg = Debug|Any CPU
		{1B92E483-D69A-7B87-A176-69720183D3EE}.Debug|Any CPU.Build.0 = Debug|Any CPU
		{1B92E483-D69A-7B87-A176-69720183D3EE}.Release|Any CPU.ActiveCfg = Release|Any CPU
		{1B92E483-D69A-7B87-A176-69720183D3EE}.Release|Any CPU.Build.0 = Release|Any CPU
	EndGlobalSection
	GlobalSection(SolutionProperties) = preSolution
		HideSolutionNode = FALSE
	EndGlobalSection
	GlobalSection(MonoDevelopProperties) = preSolution
		StartupItem = Assembly-CSharp.csproj
	EndGlobalSection
EndGlobal
